
Microsoft Visual Studio Solution File, Format Version 12.00
# Visual Studio 15
VisualStudioVersion = 15.0.27428.2027
MinimumVisualStudioVersion = 10.0.40219.1
Project("{2150E333-8FDC-42A3-9474-1A3956D46DE8}") = "0 - Presentention", "0 - Presentention", "{7C521CC2-BDA3-4108-979D-E0BEF86BA711}"
EndProject
Project("{2150E333-8FDC-42A3-9474-1A3956D46DE8}") = "2 - Domain", "2 - Domain", "{6651A5FE-54C8-440E-96B6-D9F5965D82BA}"
EndProject
Project("{2150E333-8FDC-42A3-9474-1A3956D46DE8}") = "3 - Infrastructure", "3 - Infrastructure", "{53053533-63F9-4229-BEF4-71756904B5FE}"
EndProject
Project("{2150E333-8FDC-42A3-9474-1A3956D46DE8}") = "3.1 - Data", "3.1 - Data", "{B7472AAB-C848-454E-A7FB-4FCF911CD7B1}"
EndProject
Project("{2150E333-8FDC-42A3-9474-1A3956D46DE8}") = "3.2 - CrossCutting", "3.2 - CrossCutting", "{1B2E7E26-089E-431B-AF06-C52E9B3FC324}"
EndProject
Project("{FAE04EC0-301F-11D3-BF4B-00C04F79EFBC}") = "SmartMvc.Data.Context", "SmartMvc.Data.Context\SmartMvc.Data.Context.csproj", "{1CFCF6C4-536E-4C6C-969A-2CD31F0DFA76}"
EndProject
Project("{FAE04EC0-301F-11D3-BF4B-00C04F79EFBC}") = "SmartMvc.CrossCutting.InversionOfControl", "SmartMvc.CrossCutting.InversionOfControl\SmartMvc.CrossCutting.InversionOfControl.csproj", "{BECC0946-44FF-47AD-9818-C198813B26B0}"
EndProject
Project("{2150E333-8FDC-42A3-9474-1A3956D46DE8}") = "1 - Application", "1 - Application", "{4D85162F-85EF-4490-A234-5B051949C014}"
EndProject
Project("{FAE04EC0-301F-11D3-BF4B-00C04F79EFBC}") = "SmartMvc.Application", "SmartMvc.Application\SmartMvc.Application.csproj", "{E0A19F7D-70F0-4238-BB02-F13D4F640C97}"
EndProject
Project("{FAE04EC0-301F-11D3-BF4B-00C04F79EFBC}") = "SmartMvc.Domain", "SmartMvc.Domain\SmartMvc.Domain.csproj", "{CEE7B22F-C3FF-4F1E-92B0-8B30F52B3F1E}"
EndProject
Project("{FAE04EC0-301F-11D3-BF4B-00C04F79EFBC}") = "SmartMvc.Data.Repository", "SmartMvc.Data.Repository\SmartMvc.Data.Repository.csproj", "{A0781E24-D500-4681-A42E-92014BE8A271}"
EndProject
Project("{FAE04EC0-301F-11D3-BF4B-00C04F79EFBC}") = "SmartMvc.Admin", "SmartMvc.Admin\SmartMvc.Admin.csproj", "{DB9E5E71-84F1-4508-8FBD-A181714B7689}"
EndProject
Project("{2150E333-8FDC-42A3-9474-1A3956D46DE8}") = "4 - Common", "4 - Common", "{0A606856-C340-467F-9F1D-F8DD759870B3}"
EndProject
Project("{FAE04EC0-301F-11D3-BF4B-00C04F79EFBC}") = "SmartMvc.Common", "SmartMvc.Common\SmartMvc.Common.csproj", "{98C08744-4BC9-4B4B-BDBD-320ED8DF07CE}"
EndProject
Project("{FAE04EC0-301F-11D3-BF4B-00C04F79EFBC}") = "SmartMvc.SharedKernel", "SmartMvc.SharedKernel\SmartMvc.SharedKernel.csproj", "{25449FB0-7344-418B-B630-CAE57466FA2D}"
EndProject
Project("{FAE04EC0-301F-11D3-BF4B-00C04F79EFBC}") = "SmartMvc.WebApi", "SmartMvc.WebApi\SmartMvc.WebApi.csproj", "{DA015C5E-46B6-4898-A59A-B58A5EB1EEFB}"
EndProject
Global
	GlobalSection(SolutionConfigurationPlatforms) = preSolution
		Debug|Any CPU = Debug|Any CPU
		Release|Any CPU = Release|Any CPU
	EndGlobalSection
	GlobalSection(ProjectConfigurationPlatforms) = postSolution
		{1CFCF6C4-536E-4C6C-969A-2CD31F0DFA76}.Debug|Any CPU.ActiveCfg = Debug|Any CPU
		{1CFCF6C4-536E-4C6C-969A-2CD31F0DFA76}.Debug|Any CPU.Build.0 = Debug|Any CPU
		{1CFCF6C4-536E-4C6C-969A-2CD31F0DFA76}.Release|Any CPU.ActiveCfg = Release|Any CPU
		{1CFCF6C4-536E-4C6C-969A-2CD31F0DFA76}.Release|Any CPU.Build.0 = Release|Any CPU
		{BECC0946-44FF-47AD-9818-C198813B26B0}.Debug|Any CPU.ActiveCfg = Debug|Any CPU
		{BECC0946-44FF-47AD-9818-C198813B26B0}.Debug|Any CPU.Build.0 = Debug|Any CPU
		{BECC0946-44FF-47AD-9818-C198813B26B0}.Release|Any CPU.ActiveCfg = Release|Any CPU
		{BECC0946-44FF-47AD-9818-C198813B26B0}.Release|Any CPU.Build.0 = Release|Any CPU
		{E0A19F7D-70F0-4238-BB02-F13D4F640C97}.Debug|Any CPU.ActiveCfg = Debug|Any CPU
		{E0A19F7D-70F0-4238-BB02-F13D4F640C97}.Debug|Any CPU.Build.0 = Debug|Any CPU
		{E0A19F7D-70F0-4238-BB02-F13D4F640C97}.Release|Any CPU.ActiveCfg = Release|Any CPU
		{E0A19F7D-70F0-4238-BB02-F13D4F640C97}.Release|Any CPU.Build.0 = Release|Any CPU
		{CEE7B22F-C3FF-4F1E-92B0-8B30F52B3F1E}.Debug|Any CPU.ActiveCfg = Debug|Any CPU
		{CEE7B22F-C3FF-4F1E-92B0-8B30F52B3F1E}.Debug|Any CPU.Build.0 = Debug|Any CPU
		{CEE7B22F-C3FF-4F1E-92B0-8B30F52B3F1E}.Release|Any CPU.ActiveCfg = Release|Any CPU
		{CEE7B22F-C3FF-4F1E-92B0-8B30F52B3F1E}.Release|Any CPU.Build.0 = Release|Any CPU
		{A0781E24-D500-4681-A42E-92014BE8A271}.Debug|Any CPU.ActiveCfg = Debug|Any CPU
		{A0781E24-D500-4681-A42E-92014BE8A271}.Debug|Any CPU.Build.0 = Debug|Any CPU
		{A0781E24-D500-4681-A42E-92014BE8A271}.Release|Any CPU.ActiveCfg = Release|Any CPU
		{A0781E24-D500-4681-A42E-92014BE8A271}.Release|Any CPU.Build.0 = Release|Any CPU
		{DB9E5E71-84F1-4508-8FBD-A181714B7689}.Debug|Any CPU.ActiveCfg = Debug|Any CPU
		{DB9E5E71-84F1-4508-8FBD-A181714B7689}.Debug|Any CPU.Build.0 = Debug|Any CPU
		{DB9E5E71-84F1-4508-8FBD-A181714B7689}.Release|Any CPU.ActiveCfg = Release|Any CPU
		{DB9E5E71-84F1-4508-8FBD-A181714B7689}.Release|Any CPU.Build.0 = Release|Any CPU
		{98C08744-4BC9-4B4B-BDBD-320ED8DF07CE}.Debug|Any CPU.ActiveCfg = Debug|Any CPU
		{98C08744-4BC9-4B4B-BDBD-320ED8DF07CE}.Debug|Any CPU.Build.0 = Debug|Any CPU
		{98C08744-4BC9-4B4B-BDBD-320ED8DF07CE}.Release|Any CPU.ActiveCfg = Release|Any CPU
		{98C08744-4BC9-4B4B-BDBD-320ED8DF07CE}.Release|Any CPU.Build.0 = Release|Any CPU
		{25449FB0-7344-418B-B630-CAE57466FA2D}.Debug|Any CPU.ActiveCfg = Debug|Any CPU
		{25449FB0-7344-418B-B630-CAE57466FA2D}.Debug|Any CPU.Build.0 = Debug|Any CPU
		{25449FB0-7344-418B-B630-CAE57466FA2D}.Release|Any CPU.ActiveCfg = Release|Any CPU
		{25449FB0-7344-418B-B630-CAE57466FA2D}.Release|Any CPU.Build.0 = Release|Any CPU
		{DA015C5E-46B6-4898-A59A-B58A5EB1EEFB}.Debug|Any CPU.ActiveCfg = Debug|Any CPU
		{DA015C5E-46B6-4898-A59A-B58A5EB1EEFB}.Debug|Any CPU.Build.0 = Debug|Any CPU
		{DA015C5E-46B6-4898-A59A-B58A5EB1EEFB}.Release|Any CPU.ActiveCfg = Release|Any CPU
		{DA015C5E-46B6-4898-A59A-B58A5EB1EEFB}.Release|Any CPU.Build.0 = Release|Any CPU
	EndGlobalSection
	GlobalSection(SolutionProperties) = preSolution
		HideSolutionNode = FALSE
	EndGlobalSection
	GlobalSection(NestedProjects) = preSolution
		{B7472AAB-C848-454E-A7FB-4FCF911CD7B1} = {53053533-63F9-4229-BEF4-71756904B5FE}
		{1B2E7E26-089E-431B-AF06-C52E9B3FC324} = {53053533-63F9-4229-BEF4-71756904B5FE}
		{1CFCF6C4-536E-4C6C-969A-2CD31F0DFA76} = {B7472AAB-C848-454E-A7FB-4FCF911CD7B1}
		{BECC0946-44FF-47AD-9818-C198813B26B0} = {1B2E7E26-089E-431B-AF06-C52E9B3FC324}
		{E0A19F7D-70F0-4238-BB02-F13D4F640C97} = {4D85162F-85EF-4490-A234-5B051949C014}
		{CEE7B22F-C3FF-4F1E-92B0-8B30F52B3F1E} = {6651A5FE-54C8-440E-96B6-D9F5965D82BA}
		{A0781E24-D500-4681-A42E-92014BE8A271} = {B7472AAB-C848-454E-A7FB-4FCF911CD7B1}
		{DB9E5E71-84F1-4508-8FBD-A181714B7689} = {7C521CC2-BDA3-4108-979D-E0BEF86BA711}
		{98C08744-4BC9-4B4B-BDBD-320ED8DF07CE} = {0A606856-C340-467F-9F1D-F8DD759870B3}
		{25449FB0-7344-418B-B630-CAE57466FA2D} = {6651A5FE-54C8-440E-96B6-D9F5965D82BA}
		{DA015C5E-46B6-4898-A59A-B58A5EB1EEFB} = {7C521CC2-BDA3-4108-979D-E0BEF86BA711}
	EndGlobalSection
	GlobalSection(ExtensibilityGlobals) = postSolution
		SolutionGuid = {CE414F8B-F869-423A-A3CF-8DDBC913DC4D}
	EndGlobalSection
EndGlobal
